
Microsoft Visual Studio Solution File, Format Version 12.00
# Visual Studio Version 16
VisualStudioVersion = 16.0.30021.99
MinimumVisualStudioVersion = 10.0.40219.1
Project("{9A19103F-16F7-4668-BE54-9A1E7A4F7556}") = "Infra.Sqlite", "src\Infra.Sqlite\Infra.Sqlite.csproj", "{45F7177C-3E1D-408E-B193-8CFC9A8842C1}"
EndProject
Global
	GlobalSection(SolutionConfigurationPlatforms) = preSolution
		Debug|Any CPU = Debug|Any CPU
		Release|Any CPU = Release|Any CPU
	EndGlobalSection
	GlobalSection(ProjectConfigurationPlatforms) = postSolution
		{45F7177C-3E1D-408E-B193-8CFC9A8842C1}.Debug|Any CPU.ActiveCfg = Debug|Any CPU
		{45F7177C-3E1D-408E-B193-8CFC9A8842C1}.Debug|Any CPU.Build.0 = Debug|Any CPU
		{45F7177C-3E1D-408E-B193-8CFC9A8842C1}.Release|Any CPU.ActiveCfg = Release|Any CPU
		{45F7177C-3E1D-408E-B193-8CFC9A8842C1}.Release|Any CPU.Build.0 = Release|Any CPU
	EndGlobalSection
	GlobalSection(SolutionProperties) = preSolution
		HideSolutionNode = FALSE
	EndGlobalSection
	GlobalSection(ExtensibilityGlobals) = postSolution
		SolutionGuid = {95D32D93-0E30-4F89-8EFC-909420105918}
	EndGlobalSection
EndGlobal
